
Microsoft Visual Studio Solution File, Format Version 12.00
# Visual Studio Version 17
VisualStudioVersion = 17.6.33829.357
MinimumVisualStudioVersion = 10.0.40219.1
Project("{FAE04EC0-301F-11D3-BF4B-00C04F79EFBC}") = "ContosoUniversity", "ContosoUniversity\ContosoUniversity.csproj", "{5203DA06-E847-4913-A3CD-5C305CA13C4B}"
EndProject
Global
	GlobalSection(SolutionConfigurationPlatforms) = preSolution
		Debug|Any CPU = Debug|Any CPU
		Release|Any CPU = Release|Any CPU
	EndGlobalSection
	GlobalSection(ProjectConfigurationPlatforms) = postSolution
		{5203DA06-E847-4913-A3CD-5C305CA13C4B}.Debug|Any CPU.ActiveCfg = Debug|Any CPU
		{5203DA06-E847-4913-A3CD-5C305CA13C4B}.Debug|Any CPU.Build.0 = Debug|Any CPU
		{5203DA06-E847-4913-A3CD-5C305CA13C4B}.Release|Any CPU.ActiveCfg = Release|Any CPU
		{5203DA06-E847-4913-A3CD-5C305CA13C4B}.Release|Any CPU.Build.0 = Release|Any CPU
	EndGlobalSection
	GlobalSection(SolutionProperties) = preSolution
		HideSolutionNode = FALSE
	EndGlobalSection
	GlobalSection(ExtensibilityGlobals) = postSolution
		SolutionGuid = {EDFB9697-7F13-4071-8E77-6994099BE2CD}
	EndGlobalSection
EndGlobal
